
Microsoft Visual Studio Solution File, Format Version 12.00
# Visual Studio Version 17
VisualStudioVersion = 17.11.35312.102
MinimumVisualStudioVersion = 10.0.40219.1
Project("{FAE04EC0-301F-11D3-BF4B-00C04F79EFBC}") = "frm_QuanLyNhaHang", "frm_QuanLyNhaHang\frm_QuanLyNhaHang.csproj", "{A8D0F7D9-E1C7-4643-BC3E-B11B68E6F7FB}"
EndProject
Global
	GlobalSection(SolutionConfigurationPlatforms) = preSolution
		Debug|Any CPU = Debug|Any CPU
		Release|Any CPU = Release|Any CPU
	EndGlobalSection
	GlobalSection(ProjectConfigurationPlatforms) = postSolution
		{A8D0F7D9-E1C7-4643-BC3E-B11B68E6F7FB}.Debug|Any CPU.ActiveCfg = Debug|Any CPU
		{A8D0F7D9-E1C7-4643-BC3E-B11B68E6F7FB}.Debug|Any CPU.Build.0 = Debug|Any CPU
		{A8D0F7D9-E1C7-4643-BC3E-B11B68E6F7FB}.Release|Any CPU.ActiveCfg = Release|Any CPU
		{A8D0F7D9-E1C7-4643-BC3E-B11B68E6F7FB}.Release|Any CPU.Build.0 = Release|Any CPU
	EndGlobalSection
	GlobalSection(SolutionProperties) = preSolution
		HideSolutionNode = FALSE
	EndGlobalSection
	GlobalSection(ExtensibilityGlobals) = postSolution
		SolutionGuid = {8DBA1B37-562A-44E7-B787-3D1CDCE67CD5}
	EndGlobalSection
EndGlobal
